
Microsoft Visual Studio Solution File, Format Version 12.00
# Visual Studio Version 17
VisualStudioVersion = 17.6.33829.357
MinimumVisualStudioVersion = 10.0.40219.1
Project("{FAE04EC0-301F-11D3-BF4B-00C04F79EFBC}") = "BilgiAlma", "BilgiAlma\BilgiAlma.csproj", "{AE91D7F6-E9C6-4432-83B5-92554463D12D}"
EndProject
Global
	GlobalSection(SolutionConfigurationPlatforms) = preSolution
		Debug|Any CPU = Debug|Any CPU
		Release|Any CPU = Release|Any CPU
	EndGlobalSection
	GlobalSection(ProjectConfigurationPlatforms) = postSolution
		{AE91D7F6-E9C6-4432-83B5-92554463D12D}.Debug|Any CPU.ActiveCfg = Debug|Any CPU
		{AE91D7F6-E9C6-4432-83B5-92554463D12D}.Debug|Any CPU.Build.0 = Debug|Any CPU
		{AE91D7F6-E9C6-4432-83B5-92554463D12D}.Release|Any CPU.ActiveCfg = Release|Any CPU
		{AE91D7F6-E9C6-4432-83B5-92554463D12D}.Release|Any CPU.Build.0 = Release|Any CPU
	EndGlobalSection
	GlobalSection(SolutionProperties) = preSolution
		HideSolutionNode = FALSE
	EndGlobalSection
	GlobalSection(ExtensibilityGlobals) = postSolution
		SolutionGuid = {4E0ACF13-9D39-4205-97B5-E672DC86575A}
	EndGlobalSection
EndGlobal
