
Microsoft Visual Studio Solution File, Format Version 12.00
# Visual Studio Version 17
VisualStudioVersion = 17.6.33829.357
MinimumVisualStudioVersion = 10.0.40219.1
Project("{FAE04EC0-301F-11D3-BF4B-00C04F79EFBC}") = "Capctha", "Capctha\Capctha.csproj", "{6E503CBB-3624-4AEC-867A-85EEA5365F22}"
EndProject
Global
	GlobalSection(SolutionConfigurationPlatforms) = preSolution
		Debug|Any CPU = Debug|Any CPU
		Release|Any CPU = Release|Any CPU
	EndGlobalSection
	GlobalSection(ProjectConfigurationPlatforms) = postSolution
		{6E503CBB-3624-4AEC-867A-85EEA5365F22}.Debug|Any CPU.ActiveCfg = Debug|Any CPU
		{6E503CBB-3624-4AEC-867A-85EEA5365F22}.Debug|Any CPU.Build.0 = Debug|Any CPU
		{6E503CBB-3624-4AEC-867A-85EEA5365F22}.Release|Any CPU.ActiveCfg = Release|Any CPU
		{6E503CBB-3624-4AEC-867A-85EEA5365F22}.Release|Any CPU.Build.0 = Release|Any CPU
	EndGlobalSection
	GlobalSection(SolutionProperties) = preSolution
		HideSolutionNode = FALSE
	EndGlobalSection
	GlobalSection(ExtensibilityGlobals) = postSolution
		SolutionGuid = {B4D2F66F-CA2A-4650-AB83-A704E3D5BB57}
	EndGlobalSection
EndGlobal
