
Microsoft Visual Studio Solution File, Format Version 12.00
# Visual Studio Version 17
VisualStudioVersion = 17.6.33829.357
MinimumVisualStudioVersion = 10.0.40219.1
Project("{FAE04EC0-301F-11D3-BF4B-00C04F79EFBC}") = "KüpünAlanı", "KüpünAlanı\KüpünAlanı.csproj", "{1E2F2CFF-BACC-4674-8385-FE084A6ED4B0}"
EndProject
Global
	GlobalSection(SolutionConfigurationPlatforms) = preSolution
		Debug|Any CPU = Debug|Any CPU
		Release|Any CPU = Release|Any CPU
	EndGlobalSection
	GlobalSection(ProjectConfigurationPlatforms) = postSolution
		{1E2F2CFF-BACC-4674-8385-FE084A6ED4B0}.Debug|Any CPU.ActiveCfg = Debug|Any CPU
		{1E2F2CFF-BACC-4674-8385-FE084A6ED4B0}.Debug|Any CPU.Build.0 = Debug|Any CPU
		{1E2F2CFF-BACC-4674-8385-FE084A6ED4B0}.Release|Any CPU.ActiveCfg = Release|Any CPU
		{1E2F2CFF-BACC-4674-8385-FE084A6ED4B0}.Release|Any CPU.Build.0 = Release|Any CPU
	EndGlobalSection
	GlobalSection(SolutionProperties) = preSolution
		HideSolutionNode = FALSE
	EndGlobalSection
	GlobalSection(ExtensibilityGlobals) = postSolution
		SolutionGuid = {1A7862D5-BE9F-45E3-85EE-E4D78DAE2066}
	EndGlobalSection
EndGlobal
