
Microsoft Visual Studio Solution File, Format Version 12.00
# Visual Studio Version 17
VisualStudioVersion = 17.6.33829.357
MinimumVisualStudioVersion = 10.0.40219.1
Project("{FAE04EC0-301F-11D3-BF4B-00C04F79EFBC}") = "Login panel", "Login panel\Login panel.csproj", "{69E31938-DDF1-4FEC-B13E-85084BFD5458}"
EndProject
Global
	GlobalSection(SolutionConfigurationPlatforms) = preSolution
		Debug|Any CPU = Debug|Any CPU
		Release|Any CPU = Release|Any CPU
	EndGlobalSection
	GlobalSection(ProjectConfigurationPlatforms) = postSolution
		{69E31938-DDF1-4FEC-B13E-85084BFD5458}.Debug|Any CPU.ActiveCfg = Debug|Any CPU
		{69E31938-DDF1-4FEC-B13E-85084BFD5458}.Debug|Any CPU.Build.0 = Debug|Any CPU
		{69E31938-DDF1-4FEC-B13E-85084BFD5458}.Release|Any CPU.ActiveCfg = Release|Any CPU
		{69E31938-DDF1-4FEC-B13E-85084BFD5458}.Release|Any CPU.Build.0 = Release|Any CPU
	EndGlobalSection
	GlobalSection(SolutionProperties) = preSolution
		HideSolutionNode = FALSE
	EndGlobalSection
	GlobalSection(ExtensibilityGlobals) = postSolution
		SolutionGuid = {1A3F4F0E-184C-44D5-BFDD-B0C8904F017D}
	EndGlobalSection
EndGlobal
