
Microsoft Visual Studio Solution File, Format Version 12.00
# Visual Studio Version 17
VisualStudioVersion = 17.6.33829.357
MinimumVisualStudioVersion = 10.0.40219.1
Project("{FAE04EC0-301F-11D3-BF4B-00C04F79EFBC}") = "PersonelKayıtSistemi", "PersonelKayıtSistemi\PersonelKayıtSistemi.csproj", "{6BBAEF1E-8190-4BEB-A454-83DFE65EF8AC}"
EndProject
Global
	GlobalSection(SolutionConfigurationPlatforms) = preSolution
		Debug|Any CPU = Debug|Any CPU
		Release|Any CPU = Release|Any CPU
	EndGlobalSection
	GlobalSection(ProjectConfigurationPlatforms) = postSolution
		{6BBAEF1E-8190-4BEB-A454-83DFE65EF8AC}.Debug|Any CPU.ActiveCfg = Debug|Any CPU
		{6BBAEF1E-8190-4BEB-A454-83DFE65EF8AC}.Debug|Any CPU.Build.0 = Debug|Any CPU
		{6BBAEF1E-8190-4BEB-A454-83DFE65EF8AC}.Release|Any CPU.ActiveCfg = Release|Any CPU
		{6BBAEF1E-8190-4BEB-A454-83DFE65EF8AC}.Release|Any CPU.Build.0 = Release|Any CPU
	EndGlobalSection
	GlobalSection(SolutionProperties) = preSolution
		HideSolutionNode = FALSE
	EndGlobalSection
	GlobalSection(ExtensibilityGlobals) = postSolution
		SolutionGuid = {93EE452D-9CC5-4D27-AC05-39E92D378DCD}
	EndGlobalSection
EndGlobal
