
Microsoft Visual Studio Solution File, Format Version 12.00
# Visual Studio Version 17
VisualStudioVersion = 17.6.33829.357
MinimumVisualStudioVersion = 10.0.40219.1
Project("{FAE04EC0-301F-11D3-BF4B-00C04F79EFBC}") = "Metodlar", "Metodlar\Metodlar.csproj", "{07F8640E-DF41-4097-B75D-FE7DA94485EA}"
EndProject
Global
	GlobalSection(SolutionConfigurationPlatforms) = preSolution
		Debug|Any CPU = Debug|Any CPU
		Release|Any CPU = Release|Any CPU
	EndGlobalSection
	GlobalSection(ProjectConfigurationPlatforms) = postSolution
		{07F8640E-DF41-4097-B75D-FE7DA94485EA}.Debug|Any CPU.ActiveCfg = Debug|Any CPU
		{07F8640E-DF41-4097-B75D-FE7DA94485EA}.Debug|Any CPU.Build.0 = Debug|Any CPU
		{07F8640E-DF41-4097-B75D-FE7DA94485EA}.Release|Any CPU.ActiveCfg = Release|Any CPU
		{07F8640E-DF41-4097-B75D-FE7DA94485EA}.Release|Any CPU.Build.0 = Release|Any CPU
	EndGlobalSection
	GlobalSection(SolutionProperties) = preSolution
		HideSolutionNode = FALSE
	EndGlobalSection
	GlobalSection(ExtensibilityGlobals) = postSolution
		SolutionGuid = {06CAD610-9FC4-4169-8EF6-7A61BF3B30FC}
	EndGlobalSection
EndGlobal
