
Microsoft Visual Studio Solution File, Format Version 12.00
# Visual Studio Version 17
VisualStudioVersion = 17.6.33829.357
MinimumVisualStudioVersion = 10.0.40219.1
Project("{FAE04EC0-301F-11D3-BF4B-00C04F79EFBC}") = "Büfe", "Büfe\Büfe.csproj", "{8878FA96-1BAB-400D-862D-8D05792A5EA1}"
EndProject
Global
	GlobalSection(SolutionConfigurationPlatforms) = preSolution
		Debug|Any CPU = Debug|Any CPU
		Release|Any CPU = Release|Any CPU
	EndGlobalSection
	GlobalSection(ProjectConfigurationPlatforms) = postSolution
		{8878FA96-1BAB-400D-862D-8D05792A5EA1}.Debug|Any CPU.ActiveCfg = Debug|Any CPU
		{8878FA96-1BAB-400D-862D-8D05792A5EA1}.Debug|Any CPU.Build.0 = Debug|Any CPU
		{8878FA96-1BAB-400D-862D-8D05792A5EA1}.Release|Any CPU.ActiveCfg = Release|Any CPU
		{8878FA96-1BAB-400D-862D-8D05792A5EA1}.Release|Any CPU.Build.0 = Release|Any CPU
	EndGlobalSection
	GlobalSection(SolutionProperties) = preSolution
		HideSolutionNode = FALSE
	EndGlobalSection
	GlobalSection(ExtensibilityGlobals) = postSolution
		SolutionGuid = {D47976A3-98B7-45DA-AC70-A50C583AC708}
	EndGlobalSection
EndGlobal
